Microsoft Visual Studio Solution File, Format Version 12.00
# Visual Studio Version 17
VisualStudioVersion = 17.0.31611.283
MinimumVisualStudioVersion = 10.0.40219.1
Project("{9A19103F-16F7-4668-BE54-9A1E7A4F7556}") = "MauiApp1", "MauiApp1\MauiApp1.csproj", "{B36893E1-EFE3-48A6-9750-1F0DD8A31218}"
EndProject
Project("{FAE04EC0-301F-11D3-BF4B-00C04F79EFBC}") = "MauiApp2", "MauiApp2\MauiApp2.csproj", "{BDB17690-EA32-46D9-A529-DFC6EC73BE60}"
EndProject
Project("{FAE04EC0-301F-11D3-BF4B-00C04F79EFBC}") = "ClassLibrary1", "ClassLibrary1\ClassLibrary1.csproj", "{7D1D5021-397F-4328-8323-826A2EBEC75D}"
EndProject
Global
	GlobalSection(SolutionConfigurationPlatforms) = preSolution
		Debug|Any CPU = Debug|Any CPU
		Release|Any CPU = Release|Any CPU
	EndGlobalSection
	GlobalSection(ProjectConfigurationPlatforms) = postSolution
		{B36893E1-EFE3-48A6-9750-1F0DD8A31218}.Debug|Any CPU.ActiveCfg = Debug|Any CPU
		{B36893E1-EFE3-48A6-9750-1F0DD8A31218}.Debug|Any CPU.Build.0 = Debug|Any CPU
		{B36893E1-EFE3-48A6-9750-1F0DD8A31218}.Debug|Any CPU.Deploy.0 = Debug|Any CPU
		{B36893E1-EFE3-48A6-9750-1F0DD8A31218}.Release|Any CPU.ActiveCfg = Release|Any CPU
		{B36893E1-EFE3-48A6-9750-1F0DD8A31218}.Release|Any CPU.Build.0 = Release|Any CPU
		{B36893E1-EFE3-48A6-9750-1F0DD8A31218}.Release|Any CPU.Deploy.0 = Release|Any CPU
		{BDB17690-EA32-46D9-A529-DFC6EC73BE60}.Debug|Any CPU.ActiveCfg = Debug|Any CPU
		{BDB17690-EA32-46D9-A529-DFC6EC73BE60}.Debug|Any CPU.Build.0 = Debug|Any CPU
		{BDB17690-EA32-46D9-A529-DFC6EC73BE60}.Debug|Any CPU.Deploy.0 = Debug|Any CPU
		{BDB17690-EA32-46D9-A529-DFC6EC73BE60}.Release|Any CPU.ActiveCfg = Release|Any CPU
		{BDB17690-EA32-46D9-A529-DFC6EC73BE60}.Release|Any CPU.Build.0 = Release|Any CPU
		{BDB17690-EA32-46D9-A529-DFC6EC73BE60}.Release|Any CPU.Deploy.0 = Release|Any CPU
		{7D1D5021-397F-4328-8323-826A2EBEC75D}.Debug|Any CPU.ActiveCfg = Debug|Any CPU
		{7D1D5021-397F-4328-8323-826A2EBEC75D}.Debug|Any CPU.Build.0 = Debug|Any CPU
		{7D1D5021-397F-4328-8323-826A2EBEC75D}.Release|Any CPU.ActiveCfg = Release|Any CPU
		{7D1D5021-397F-4328-8323-826A2EBEC75D}.Release|Any CPU.Build.0 = Release|Any CPU
	EndGlobalSection
	GlobalSection(SolutionProperties) = preSolution
		HideSolutionNode = FALSE
	EndGlobalSection
	GlobalSection(ExtensibilityGlobals) = postSolution
		SolutionGuid = {61F7FB11-1E47-470C-91E2-47F8143E1572}
	EndGlobalSection
EndGlobal
